
Microsoft Visual Studio Solution File, Format Version 12.00
# Visual Studio 2013
VisualStudioVersion = 12.0.21005.1
MinimumVisualStudioVersion = 10.0.40219.1
Project("{8BC9CEB8-8B4A-11D0-8D11-00A0C91BC942}") = "carrot-stage", "carrot-stage.vcxproj", "{2EC6ED44-AA64-48D9-B163-741AF5B39C2B}"
EndProject
Project("{8BC9CEB8-8B4A-11D0-8D11-00A0C91BC942}") = "glut", "glut\glut.vcxproj", "{AB8B4CE1-A546-4A25-966D-A7A1EDFD1B65}"
EndProject
Global
	GlobalSection(SolutionConfigurationPlatforms) = preSolution
		Debug MX|ARM = Debug MX|ARM
		Debug MX|Mixed Platforms = Debug MX|Mixed Platforms
		Debug MX|Win32 = Debug MX|Win32
		Debug MX|x64 = Debug MX|x64
		Debug|ARM = Debug|ARM
		Debug|Mixed Platforms = Debug|Mixed Platforms
		Debug|Win32 = Debug|Win32
		Debug|x64 = Debug|x64
		Release MX|ARM = Release MX|ARM
		Release MX|Mixed Platforms = Release MX|Mixed Platforms
		Release MX|Win32 = Release MX|Win32
		Release MX|x64 = Release MX|x64
		Release_static|ARM = Release_static|ARM
		Release_static|Mixed Platforms = Release_static|Mixed Platforms
		Release_static|Win32 = Release_static|Win32
		Release_static|x64 = Release_static|x64
		Release|ARM = Release|ARM
		Release|Mixed Platforms = Release|Mixed Platforms
		Release|Win32 = Release|Win32
		Release|x64 = Release|x64
	EndGlobalSection
	GlobalSection(ProjectConfigurationPlatforms) = postSolution
		{2EC6ED44-AA64-48D9-B163-741AF5B39C2B}.Debug MX|ARM.ActiveCfg = Debug|ARM
		{2EC6ED44-AA64-48D9-B163-741AF5B39C2B}.Debug MX|ARM.Build.0 = Debug|ARM
		{2EC6ED44-AA64-48D9-B163-741AF5B39C2B}.Debug MX|Mixed Platforms.ActiveCfg = Debug|Win32
		{2EC6ED44-AA64-48D9-B163-741AF5B39C2B}.Debug MX|Mixed Platforms.Build.0 = Debug|Win32
		{2EC6ED44-AA64-48D9-B163-741AF5B39C2B}.Debug MX|Win32.ActiveCfg = Debug|Win32
		{2EC6ED44-AA64-48D9-B163-741AF5B39C2B}.Debug MX|Win32.Build.0 = Debug|Win32
		{2EC6ED44-AA64-48D9-B163-741AF5B39C2B}.Debug MX|x64.ActiveCfg = Debug|x64
		{2EC6ED44-AA64-48D9-B163-741AF5B39C2B}.Debug MX|x64.Build.0 = Debug|x64
		{2EC6ED44-AA64-48D9-B163-741AF5B39C2B}.Debug|ARM.ActiveCfg = Debug|ARM
		{2EC6ED44-AA64-48D9-B163-741AF5B39C2B}.Debug|ARM.Build.0 = Debug|ARM
		{2EC6ED44-AA64-48D9-B163-741AF5B39C2B}.Debug|Mixed Platforms.ActiveCfg = Debug|Win32
		{2EC6ED44-AA64-48D9-B163-741AF5B39C2B}.Debug|Mixed Platforms.Build.0 = Debug|Win32
		{2EC6ED44-AA64-48D9-B163-741AF5B39C2B}.Debug|Win32.ActiveCfg = Debug|Win32
		{2EC6ED44-AA64-48D9-B163-741AF5B39C2B}.Debug|Win32.Build.0 = Debug|Win32
		{2EC6ED44-AA64-48D9-B163-741AF5B39C2B}.Debug|x64.ActiveCfg = Debug|x64
		{2EC6ED44-AA64-48D9-B163-741AF5B39C2B}.Debug|x64.Build.0 = Debug|x64
		{2EC6ED44-AA64-48D9-B163-741AF5B39C2B}.Release MX|ARM.ActiveCfg = Release|ARM
		{2EC6ED44-AA64-48D9-B163-741AF5B39C2B}.Release MX|ARM.Build.0 = Release|ARM
		{2EC6ED44-AA64-48D9-B163-741AF5B39C2B}.Release MX|Mixed Platforms.ActiveCfg = Release|Win32
		{2EC6ED44-AA64-48D9-B163-741AF5B39C2B}.Release MX|Mixed Platforms.Build.0 = Release|Win32
		{2EC6ED44-AA64-48D9-B163-741AF5B39C2B}.Release MX|Win32.ActiveCfg = Release|Win32
		{2EC6ED44-AA64-48D9-B163-741AF5B39C2B}.Release MX|Win32.Build.0 = Release|Win32
		{2EC6ED44-AA64-48D9-B163-741AF5B39C2B}.Release MX|x64.ActiveCfg = Release|x64
		{2EC6ED44-AA64-48D9-B163-741AF5B39C2B}.Release MX|x64.Build.0 = Release|x64
		{2EC6ED44-AA64-48D9-B163-741AF5B39C2B}.Release_static|ARM.ActiveCfg = Release|ARM
		{2EC6ED44-AA64-48D9-B163-741AF5B39C2B}.Release_static|ARM.Build.0 = Release|ARM
		{2EC6ED44-AA64-48D9-B163-741AF5B39C2B}.Release_static|Mixed Platforms.ActiveCfg = Release|Win32
		{2EC6ED44-AA64-48D9-B163-741AF5B39C2B}.Release_static|Mixed Platforms.Build.0 = Release|Win32
		{2EC6ED44-AA64-48D9-B163-741AF5B39C2B}.Release_static|Win32.ActiveCfg = Release|Win32
		{2EC6ED44-AA64-48D9-B163-741AF5B39C2B}.Release_static|Win32.Build.0 = Release|Win32
		{2EC6ED44-AA64-48D9-B163-741AF5B39C2B}.Release_static|x64.ActiveCfg = Release|x64
		{2EC6ED44-AA64-48D9-B163-741AF5B39C2B}.Release_static|x64.Build.0 = Release|x64
		{2EC6ED44-AA64-48D9-B163-741AF5B39C2B}.Release|ARM.ActiveCfg = Release|ARM
		{2EC6ED44-AA64-48D9-B163-741AF5B39C2B}.Release|ARM.Build.0 = Release|ARM
		{2EC6ED44-AA64-48D9-B163-741AF5B39C2B}.Release|Mixed Platforms.ActiveCfg = Release|Win32
		{2EC6ED44-AA64-48D9-B163-741AF5B39C2B}.Release|Mixed Platforms.Build.0 = Release|Win32
		{2EC6ED44-AA64-48D9-B163-741AF5B39C2B}.Release|Win32.ActiveCfg = Release|Win32
		{2EC6ED44-AA64-48D9-B163-741AF5B39C2B}.Release|Win32.Build.0 = Release|Win32
		{2EC6ED44-AA64-48D9-B163-741AF5B39C2B}.Release|x64.ActiveCfg = Release|Win32
		{2EC6ED44-AA64-48D9-B163-741AF5B39C2B}.Release|x64.Build.0 = Release|Win32
		{AB8B4CE1-A546-4A25-966D-A7A1EDFD1B65}.Debug MX|ARM.ActiveCfg = Debug|Win32
		{AB8B4CE1-A546-4A25-966D-A7A1EDFD1B65}.Debug MX|Mixed Platforms.ActiveCfg = Debug|Win32
		{AB8B4CE1-A546-4A25-966D-A7A1EDFD1B65}.Debug MX|Mixed Platforms.Build.0 = Debug|Win32
		{AB8B4CE1-A546-4A25-966D-A7A1EDFD1B65}.Debug MX|Win32.ActiveCfg = Debug|Win32
		{AB8B4CE1-A546-4A25-966D-A7A1EDFD1B65}.Debug MX|Win32.Build.0 = Debug|Win32
		{AB8B4CE1-A546-4A25-966D-A7A1EDFD1B65}.Debug MX|x64.ActiveCfg = Debug|Win32
		{AB8B4CE1-A546-4A25-966D-A7A1EDFD1B65}.Debug|ARM.ActiveCfg = Debug|Win32
		{AB8B4CE1-A546-4A25-966D-A7A1EDFD1B65}.Debug|Mixed Platforms.ActiveCfg = Debug|Win32
		{AB8B4CE1-A546-4A25-966D-A7A1EDFD1B65}.Debug|Mixed Platforms.Build.0 = Debug|Win32
		{AB8B4CE1-A546-4A25-966D-A7A1EDFD1B65}.Debug|Win32.ActiveCfg = Debug|Win32
		{AB8B4CE1-A546-4A25-966D-A7A1EDFD1B65}.Debug|Win32.Build.0 = Debug|Win32
		{AB8B4CE1-A546-4A25-966D-A7A1EDFD1B65}.Debug|x64.ActiveCfg = Debug|Win32
		{AB8B4CE1-A546-4A25-966D-A7A1EDFD1B65}.Release MX|ARM.ActiveCfg = Release|Win32
		{AB8B4CE1-A546-4A25-966D-A7A1EDFD1B65}.Release MX|Mixed Platforms.ActiveCfg = Release|Win32
		{AB8B4CE1-A546-4A25-966D-A7A1EDFD1B65}.Release MX|Mixed Platforms.Build.0 = Release|Win32
		{AB8B4CE1-A546-4A25-966D-A7A1EDFD1B65}.Release MX|Win32.ActiveCfg = Release|Win32
		{AB8B4CE1-A546-4A25-966D-A7A1EDFD1B65}.Release MX|Win32.Build.0 = Release|Win32
		{AB8B4CE1-A546-4A25-966D-A7A1EDFD1B65}.Release MX|x64.ActiveCfg = Release|Win32
		{AB8B4CE1-A546-4A25-966D-A7A1EDFD1B65}.Release_static|ARM.ActiveCfg = Release|Win32
		{AB8B4CE1-A546-4A25-966D-A7A1EDFD1B65}.Release_static|Mixed Platforms.ActiveCfg = Release|Win32
		{AB8B4CE1-A546-4A25-966D-A7A1EDFD1B65}.Release_static|Mixed Platforms.Build.0 = Release|Win32
		{AB8B4CE1-A546-4A25-966D-A7A1EDFD1B65}.Release_static|Win32.ActiveCfg = Release|Win32
		{AB8B4CE1-A546-4A25-966D-A7A1EDFD1B65}.Release_static|Win32.Build.0 = Release|Win32
		{AB8B4CE1-A546-4A25-966D-A7A1EDFD1B65}.Release_static|x64.ActiveCfg = Release|Win32
		{AB8B4CE1-A546-4A25-966D-A7A1EDFD1B65}.Release|ARM.ActiveCfg = Release|Win32
		{AB8B4CE1-A546-4A25-966D-A7A1EDFD1B65}.Release|Mixed Platforms.ActiveCfg = Release|Win32
		{AB8B4CE1-A546-4A25-966D-A7A1EDFD1B65}.Release|Mixed Platforms.Build.0 = Release|Win32
		{AB8B4CE1-A546-4A25-966D-A7A1EDFD1B65}.Release|Win32.ActiveCfg = Release|Win32
		{AB8B4CE1-A546-4A25-966D-A7A1EDFD1B65}.Release|Win32.Build.0 = Release|Win32
		{AB8B4CE1-A546-4A25-966D-A7A1EDFD1B65}.Release|x64.ActiveCfg = Release|Win32
	EndGlobalSection
	GlobalSection(SolutionProperties) = preSolution
		HideSolutionNode = FALSE
	EndGlobalSection
EndGlobal
